// !$*UTF8*$!
{
	archiveVersion = 1;
	classes = {
	};
	objectVersion = 46;
	objects = {

/* Begin PBXAggregateTarget section */
		"DataKit::DataKitPackageTests::ProductTarget" /* DataKitPackageTests */ = {
			isa = PBXAggregateTarget;
			buildConfigurationList = OBJ_122 /* Build configuration list for PBXAggregateTarget "DataKitPackageTests" */;
			buildPhases = (
			);
			dependencies = (
				OBJ_125 /* PBXTargetDependency */,
				OBJ_127 /* PBXTargetDependency */,
			);
			name = DataKitPackageTests;
			productName = DataKitPackageTests;
		};
/* End PBXAggregateTarget section */

/* Begin PBXBuildFile section */
		OBJ_106 /* Array+Data.swift in Sources */ = {isa = PBXBuildFile; fileRef = OBJ_11 /* Array+Data.swift */; };
		OBJ_107 /* Base64.swift in Sources */ = {isa = PBXBuildFile; fileRef = OBJ_12 /* Base64.swift */; };
		OBJ_108 /* Data+ASCIIString.swift in Sources */ = {isa = PBXBuildFile; fileRef = OBJ_13 /* Data+ASCIIString.swift */; };
		OBJ_109 /* Data+HexString.swift in Sources */ = {isa = PBXBuildFile; fileRef = OBJ_14 /* Data+HexString.swift */; };
		OBJ_110 /* Data+UTF8String.swift in Sources */ = {isa = PBXBuildFile; fileRef = OBJ_15 /* Data+UTF8String.swift */; };
		OBJ_112 /* base64c.framework in Frameworks */ = {isa = PBXBuildFile; fileRef = "DataKit::base64c::Product" /* base64c.framework */; };
		OBJ_120 /* Package.swift in Sources */ = {isa = PBXBuildFile; fileRef = OBJ_6 /* Package.swift */; };
		OBJ_133 /* Base64Tests.swift in Sources */ = {isa = PBXBuildFile; fileRef = OBJ_23 /* Base64Tests.swift */; };
		OBJ_134 /* DataExtASCIIStringTests.swift in Sources */ = {isa = PBXBuildFile; fileRef = OBJ_24 /* DataExtASCIIStringTests.swift */; };
		OBJ_135 /* DataExtHexStringTests.swift in Sources */ = {isa = PBXBuildFile; fileRef = OBJ_25 /* DataExtHexStringTests.swift */; };
		OBJ_136 /* DataExtUTF8StringTests.swift in Sources */ = {isa = PBXBuildFile; fileRef = OBJ_26 /* DataExtUTF8StringTests.swift */; };
		OBJ_137 /* XCTestManifests.swift in Sources */ = {isa = PBXBuildFile; fileRef = OBJ_27 /* XCTestManifests.swift */; };
		OBJ_139 /* Nimble.framework in Frameworks */ = {isa = PBXBuildFile; fileRef = "Nimble::Nimble::Product" /* Nimble.framework */; };
		OBJ_140 /* DataKit.framework in Frameworks */ = {isa = PBXBuildFile; fileRef = "DataKit::DataKit::Product" /* DataKit.framework */; };
		OBJ_141 /* base64c.framework in Frameworks */ = {isa = PBXBuildFile; fileRef = "DataKit::base64c::Product" /* base64c.framework */; };
		OBJ_150 /* AdapterProtocols.swift in Sources */ = {isa = PBXBuildFile; fileRef = OBJ_39 /* AdapterProtocols.swift */; };
		OBJ_151 /* AssertionDispatcher.swift in Sources */ = {isa = PBXBuildFile; fileRef = OBJ_40 /* AssertionDispatcher.swift */; };
		OBJ_152 /* AssertionRecorder.swift in Sources */ = {isa = PBXBuildFile; fileRef = OBJ_41 /* AssertionRecorder.swift */; };
		OBJ_153 /* NMBExpectation.swift in Sources */ = {isa = PBXBuildFile; fileRef = OBJ_42 /* NMBExpectation.swift */; };
		OBJ_154 /* NMBObjCMatcher.swift in Sources */ = {isa = PBXBuildFile; fileRef = OBJ_43 /* NMBObjCMatcher.swift */; };
		OBJ_155 /* NimbleEnvironment.swift in Sources */ = {isa = PBXBuildFile; fileRef = OBJ_44 /* NimbleEnvironment.swift */; };
		OBJ_156 /* NimbleXCTestHandler.swift in Sources */ = {isa = PBXBuildFile; fileRef = OBJ_45 /* NimbleXCTestHandler.swift */; };
		OBJ_157 /* ExceptionCapture.swift in Sources */ = {isa = PBXBuildFile; fileRef = OBJ_47 /* ExceptionCapture.swift */; };
		OBJ_158 /* DSL+Wait.swift in Sources */ = {isa = PBXBuildFile; fileRef = OBJ_48 /* DSL+Wait.swift */; };
		OBJ_159 /* DSL.swift in Sources */ = {isa = PBXBuildFile; fileRef = OBJ_49 /* DSL.swift */; };
		OBJ_160 /* Expectation.swift in Sources */ = {isa = PBXBuildFile; fileRef = OBJ_50 /* Expectation.swift */; };
		OBJ_161 /* ExpectationMessage.swift in Sources */ = {isa = PBXBuildFile; fileRef = OBJ_51 /* ExpectationMessage.swift */; };
		OBJ_162 /* Expression.swift in Sources */ = {isa = PBXBuildFile; fileRef = OBJ_52 /* Expression.swift */; };
		OBJ_163 /* FailureMessage.swift in Sources */ = {isa = PBXBuildFile; fileRef = OBJ_53 /* FailureMessage.swift */; };
		OBJ_164 /* AllPass.swift in Sources */ = {isa = PBXBuildFile; fileRef = OBJ_55 /* AllPass.swift */; };
		OBJ_165 /* Async.swift in Sources */ = {isa = PBXBuildFile; fileRef = OBJ_56 /* Async.swift */; };
		OBJ_166 /* BeAKindOf.swift in Sources */ = {isa = PBXBuildFile; fileRef = OBJ_57 /* BeAKindOf.swift */; };
		OBJ_167 /* BeAnInstanceOf.swift in Sources */ = {isa = PBXBuildFile; fileRef = OBJ_58 /* BeAnInstanceOf.swift */; };
		OBJ_168 /* BeCloseTo.swift in Sources */ = {isa = PBXBuildFile; fileRef = OBJ_59 /* BeCloseTo.swift */; };
		OBJ_169 /* BeEmpty.swift in Sources */ = {isa = PBXBuildFile; fileRef = OBJ_60 /* BeEmpty.swift */; };
		OBJ_170 /* BeGreaterThan.swift in Sources */ = {isa = PBXBuildFile; fileRef = OBJ_61 /* BeGreaterThan.swift */; };
		OBJ_171 /* BeGreaterThanOrEqualTo.swift in Sources */ = {isa = PBXBuildFile; fileRef = OBJ_62 /* BeGreaterThanOrEqualTo.swift */; };
		OBJ_172 /* BeIdenticalTo.swift in Sources */ = {isa = PBXBuildFile; fileRef = OBJ_63 /* BeIdenticalTo.swift */; };
		OBJ_173 /* BeLessThan.swift in Sources */ = {isa = PBXBuildFile; fileRef = OBJ_64 /* BeLessThan.swift */; };
		OBJ_174 /* BeLessThanOrEqual.swift in Sources */ = {isa = PBXBuildFile; fileRef = OBJ_65 /* BeLessThanOrEqual.swift */; };
		OBJ_175 /* BeLogical.swift in Sources */ = {isa = PBXBuildFile; fileRef = OBJ_66 /* BeLogical.swift */; };
		OBJ_176 /* BeNil.swift in Sources */ = {isa = PBXBuildFile; fileRef = OBJ_67 /* BeNil.swift */; };
		OBJ_177 /* BeVoid.swift in Sources */ = {isa = PBXBuildFile; fileRef = OBJ_68 /* BeVoid.swift */; };
		OBJ_178 /* BeginWith.swift in Sources */ = {isa = PBXBuildFile; fileRef = OBJ_69 /* BeginWith.swift */; };
		OBJ_179 /* Contain.swift in Sources */ = {isa = PBXBuildFile; fileRef = OBJ_70 /* Contain.swift */; };
		OBJ_180 /* ContainElementSatisfying.swift in Sources */ = {isa = PBXBuildFile; fileRef = OBJ_71 /* ContainElementSatisfying.swift */; };
		OBJ_181 /* ElementsEqual.swift in Sources */ = {isa = PBXBuildFile; fileRef = OBJ_72 /* ElementsEqual.swift */; };
		OBJ_182 /* EndWith.swift in Sources */ = {isa = PBXBuildFile; fileRef = OBJ_73 /* EndWith.swift */; };
		OBJ_183 /* Equal.swift in Sources */ = {isa = PBXBuildFile; fileRef = OBJ_74 /* Equal.swift */; };
		OBJ_184 /* HaveCount.swift in Sources */ = {isa = PBXBuildFile; fileRef = OBJ_75 /* HaveCount.swift */; };
		OBJ_185 /* Match.swift in Sources */ = {isa = PBXBuildFile; fileRef = OBJ_76 /* Match.swift */; };
		OBJ_186 /* MatchError.swift in Sources */ = {isa = PBXBuildFile; fileRef = OBJ_77 /* MatchError.swift */; };
		OBJ_187 /* MatcherFunc.swift in Sources */ = {isa = PBXBuildFile; fileRef = OBJ_78 /* MatcherFunc.swift */; };
		OBJ_188 /* MatcherProtocols.swift in Sources */ = {isa = PBXBuildFile; fileRef = OBJ_79 /* MatcherProtocols.swift */; };
		OBJ_189 /* PostNotification.swift in Sources */ = {isa = PBXBuildFile; fileRef = OBJ_80 /* PostNotification.swift */; };
		OBJ_190 /* Predicate.swift in Sources */ = {isa = PBXBuildFile; fileRef = OBJ_81 /* Predicate.swift */; };
		OBJ_191 /* RaisesException.swift in Sources */ = {isa = PBXBuildFile; fileRef = OBJ_82 /* RaisesException.swift */; };
		OBJ_192 /* SatisfyAllOf.swift in Sources */ = {isa = PBXBuildFile; fileRef = OBJ_83 /* SatisfyAllOf.swift */; };
		OBJ_193 /* SatisfyAnyOf.swift in Sources */ = {isa = PBXBuildFile; fileRef = OBJ_84 /* SatisfyAnyOf.swift */; };
		OBJ_194 /* ThrowAssertion.swift in Sources */ = {isa = PBXBuildFile; fileRef = OBJ_85 /* ThrowAssertion.swift */; };
		OBJ_195 /* ThrowError.swift in Sources */ = {isa = PBXBuildFile; fileRef = OBJ_86 /* ThrowError.swift */; };
		OBJ_196 /* ToSucceed.swift in Sources */ = {isa = PBXBuildFile; fileRef = OBJ_87 /* ToSucceed.swift */; };
		OBJ_197 /* Await.swift in Sources */ = {isa = PBXBuildFile; fileRef = OBJ_89 /* Await.swift */; };
		OBJ_198 /* Errors.swift in Sources */ = {isa = PBXBuildFile; fileRef = OBJ_90 /* Errors.swift */; };
		OBJ_199 /* Functional.swift in Sources */ = {isa = PBXBuildFile; fileRef = OBJ_91 /* Functional.swift */; };
		OBJ_200 /* SourceLocation.swift in Sources */ = {isa = PBXBuildFile; fileRef = OBJ_92 /* SourceLocation.swift */; };
		OBJ_201 /* Stringers.swift in Sources */ = {isa = PBXBuildFile; fileRef = OBJ_93 /* Stringers.swift */; };
		OBJ_208 /* Package.swift in Sources */ = {isa = PBXBuildFile; fileRef = OBJ_94 /* Package.swift */; };
		OBJ_213 /* base64.c in Sources */ = {isa = PBXBuildFile; fileRef = OBJ_17 /* base64.c */; };
		OBJ_222 /* Nimble.framework in Frameworks */ = {isa = PBXBuildFile; fileRef = "Nimble::Nimble::Product" /* Nimble.framework */; };
		OBJ_223 /* DataKit.framework in Frameworks */ = {isa = PBXBuildFile; fileRef = "DataKit::DataKit::Product" /* DataKit.framework */; };
		OBJ_224 /* base64c.framework in Frameworks */ = {isa = PBXBuildFile; fileRef = "DataKit::base64c::Product" /* base64c.framework */; };
/* End PBXBuildFile section */

/* Begin PBXContainerItemProxy section */
		D68B631621B1818700943D35 /* PBXContainerItemProxy */ = {
			isa = PBXContainerItemProxy;
			containerPortal = OBJ_1 /* Project object */;
			proxyType = 1;
			remoteGlobalIDString = Nimble::Nimble;
			remoteInfo = Nimble;
		};
		D68B631721B1818700943D35 /* PBXContainerItemProxy */ = {
			isa = PBXContainerItemProxy;
			containerPortal = OBJ_1 /* Project object */;
			proxyType = 1;
			remoteGlobalIDString = DataKit::DataKit;
			remoteInfo = DataKit;
		};
		D68B631821B1818700943D35 /* PBXContainerItemProxy */ = {
			isa = PBXContainerItemProxy;
			containerPortal = OBJ_1 /* Project object */;
			proxyType = 1;
			remoteGlobalIDString = DataKit::base64c;
			remoteInfo = base64c;
		};
		D68B631921B1818700943D35 /* PBXContainerItemProxy */ = {
			isa = PBXContainerItemProxy;
			containerPortal = OBJ_1 /* Project object */;
			proxyType = 1;
			remoteGlobalIDString = DataKit::base64c;
			remoteInfo = base64c;
		};
		D68B631A21B1818800943D35 /* PBXContainerItemProxy */ = {
			isa = PBXContainerItemProxy;
			containerPortal = OBJ_1 /* Project object */;
			proxyType = 1;
			remoteGlobalIDString = DataKit::DataKitTests;
			remoteInfo = DataKitTests;
		};
		D68B631B21B1818800943D35 /* PBXContainerItemProxy */ = {
			isa = PBXContainerItemProxy;
			containerPortal = OBJ_1 /* Project object */;
			proxyType = 1;
			remoteGlobalIDString = DataKit::base64cTests;
			remoteInfo = base64cTests;
		};
		D68B631C21B1818800943D35 /* PBXContainerItemProxy */ = {
			isa = PBXContainerItemProxy;
			containerPortal = OBJ_1 /* Project object */;
			proxyType = 1;
			remoteGlobalIDString = Nimble::Nimble;
			remoteInfo = Nimble;
		};
		D68B631D21B1818800943D35 /* PBXContainerItemProxy */ = {
			isa = PBXContainerItemProxy;
			containerPortal = OBJ_1 /* Project object */;
			proxyType = 1;
			remoteGlobalIDString = DataKit::DataKit;
			remoteInfo = DataKit;
		};
		D68B631E21B1818800943D35 /* PBXContainerItemProxy */ = {
			isa = PBXContainerItemProxy;
			containerPortal = OBJ_1 /* Project object */;
			proxyType = 1;
			remoteGlobalIDString = DataKit::base64c;
			remoteInfo = base64c;
		};
/* End PBXContainerItemProxy section */

/* Begin PBXFileReference section */
		"DataKit::DataKit::Product" /* DataKit.framework */ = {isa = PBXFileReference; explicitFileType = wrapper.framework; path = DataKit.framework; sourceTree = BUILT_PRODUCTS_DIR; };
		"DataKit::DataKitTests::Product" /* DataKitTests.xctest */ = {isa = PBXFileReference; lastKnownFileType = file; path = DataKitTests.xctest; sourceTree = BUILT_PRODUCTS_DIR; };
		"DataKit::base64c::Product" /* base64c.framework */ = {isa = PBXFileReference; explicitFileType = wrapper.framework; path = base64c.framework; sourceTree = BUILT_PRODUCTS_DIR; };
		"DataKit::base64cTests::Product" /* base64cTests.xctest */ = {isa = PBXFileReference; lastKnownFileType = file; path = base64cTests.xctest; sourceTree = BUILT_PRODUCTS_DIR; };
		"Nimble::Nimble::Product" /* Nimble.framework */ = {isa = PBXFileReference; explicitFileType = wrapper.framework; path = Nimble.framework; sourceTree = BUILT_PRODUCTS_DIR; };
		OBJ_11 /* Array+Data.swift */ = {isa = PBXFileReference; lastKnownFileType = sourcecode.swift; path = "Array+Data.swift"; sourceTree = "<group>"; };
		OBJ_12 /* Base64.swift */ = {isa = PBXFileReference; lastKnownFileType = sourcecode.swift; path = Base64.swift; sourceTree = "<group>"; };
		OBJ_13 /* Data+ASCIIString.swift */ = {isa = PBXFileReference; lastKnownFileType = sourcecode.swift; path = "Data+ASCIIString.swift"; sourceTree = "<group>"; };
		OBJ_14 /* Data+HexString.swift */ = {isa = PBXFileReference; lastKnownFileType = sourcecode.swift; path = "Data+HexString.swift"; sourceTree = "<group>"; };
		OBJ_15 /* Data+UTF8String.swift */ = {isa = PBXFileReference; lastKnownFileType = sourcecode.swift; path = "Data+UTF8String.swift"; sourceTree = "<group>"; };
		OBJ_17 /* base64.c */ = {isa = PBXFileReference; lastKnownFileType = sourcecode.c.c; path = base64.c; sourceTree = "<group>"; };
		OBJ_19 /* base64.h */ = {isa = PBXFileReference; lastKnownFileType = sourcecode.c.h; path = base64.h; sourceTree = "<group>"; };
		OBJ_20 /* module.modulemap */ = {isa = PBXFileReference; lastKnownFileType = "sourcecode.module-map"; name = module.modulemap; path = /Users/arjan/Projects/SwiftCommon/DataKit/DataKit.xcodeproj/GeneratedModuleMap/base64c/module.modulemap; sourceTree = "<group>"; };
		OBJ_23 /* Base64Tests.swift */ = {isa = PBXFileReference; lastKnownFileType = sourcecode.swift; path = Base64Tests.swift; sourceTree = "<group>"; };
		OBJ_24 /* DataExtASCIIStringTests.swift */ = {isa = PBXFileReference; lastKnownFileType = sourcecode.swift; path = DataExtASCIIStringTests.swift; sourceTree = "<group>"; };
		OBJ_25 /* DataExtHexStringTests.swift */ = {isa = PBXFileReference; lastKnownFileType = sourcecode.swift; path = DataExtHexStringTests.swift; sourceTree = "<group>"; };
		OBJ_26 /* DataExtUTF8StringTests.swift */ = {isa = PBXFileReference; lastKnownFileType = sourcecode.swift; path = DataExtUTF8StringTests.swift; sourceTree = "<group>"; };
		OBJ_27 /* XCTestManifests.swift */ = {isa = PBXFileReference; lastKnownFileType = sourcecode.swift; path = XCTestManifests.swift; sourceTree = "<group>"; };
		OBJ_31 /* danger_plugins */ = {isa = PBXFileReference; lastKnownFileType = folder; path = danger_plugins; sourceTree = SOURCE_ROOT; };
		OBJ_32 /* docs */ = {isa = PBXFileReference; lastKnownFileType = folder; path = docs; sourceTree = SOURCE_ROOT; };
		OBJ_33 /* fastlane */ = {isa = PBXFileReference; lastKnownFileType = folder; path = fastlane; sourceTree = SOURCE_ROOT; };
		OBJ_34 /* build */ = {isa = PBXFileReference; lastKnownFileType = folder; path = build; sourceTree = SOURCE_ROOT; };
		OBJ_39 /* AdapterProtocols.swift */ = {isa = PBXFileReference; lastKnownFileType = sourcecode.swift; path = AdapterProtocols.swift; sourceTree = "<group>"; };
		OBJ_40 /* AssertionDispatcher.swift */ = {isa = PBXFileReference; lastKnownFileType = sourcecode.swift; path = AssertionDispatcher.swift; sourceTree = "<group>"; };
		OBJ_41 /* AssertionRecorder.swift */ = {isa = PBXFileReference; lastKnownFileType = sourcecode.swift; path = AssertionRecorder.swift; sourceTree = "<group>"; };
		OBJ_42 /* NMBExpectation.swift */ = {isa = PBXFileReference; lastKnownFileType = sourcecode.swift; path = NMBExpectation.swift; sourceTree = "<group>"; };
		OBJ_43 /* NMBObjCMatcher.swift */ = {isa = PBXFileReference; lastKnownFileType = sourcecode.swift; path = NMBObjCMatcher.swift; sourceTree = "<group>"; };
		OBJ_44 /* NimbleEnvironment.swift */ = {isa = PBXFileReference; lastKnownFileType = sourcecode.swift; path = NimbleEnvironment.swift; sourceTree = "<group>"; };
		OBJ_45 /* NimbleXCTestHandler.swift */ = {isa = PBXFileReference; lastKnownFileType = sourcecode.swift; path = NimbleXCTestHandler.swift; sourceTree = "<group>"; };
		OBJ_47 /* ExceptionCapture.swift */ = {isa = PBXFileReference; lastKnownFileType = sourcecode.swift; path = ExceptionCapture.swift; sourceTree = "<group>"; };
		OBJ_48 /* DSL+Wait.swift */ = {isa = PBXFileReference; lastKnownFileType = sourcecode.swift; path = "DSL+Wait.swift"; sourceTree = "<group>"; };
		OBJ_49 /* DSL.swift */ = {isa = PBXFileReference; lastKnownFileType = sourcecode.swift; path = DSL.swift; sourceTree = "<group>"; };
		OBJ_50 /* Expectation.swift */ = {isa = PBXFileReference; lastKnownFileType = sourcecode.swift; path = Expectation.swift; sourceTree = "<group>"; };
		OBJ_51 /* ExpectationMessage.swift */ = {isa = PBXFileReference; lastKnownFileType = sourcecode.swift; path = ExpectationMessage.swift; sourceTree = "<group>"; };
		OBJ_52 /* Expression.swift */ = {isa = PBXFileReference; lastKnownFileType = sourcecode.swift; path = Expression.swift; sourceTree = "<group>"; };
		OBJ_53 /* FailureMessage.swift */ = {isa = PBXFileReference; lastKnownFileType = sourcecode.swift; path = FailureMessage.swift; sourceTree = "<group>"; };
		OBJ_55 /* AllPass.swift */ = {isa = PBXFileReference; lastKnownFileType = sourcecode.swift; path = AllPass.swift; sourceTree = "<group>"; };
		OBJ_56 /* Async.swift */ = {isa = PBXFileReference; lastKnownFileType = sourcecode.swift; path = Async.swift; sourceTree = "<group>"; };
		OBJ_57 /* BeAKindOf.swift */ = {isa = PBXFileReference; lastKnownFileType = sourcecode.swift; path = BeAKindOf.swift; sourceTree = "<group>"; };
		OBJ_58 /* BeAnInstanceOf.swift */ = {isa = PBXFileReference; lastKnownFileType = sourcecode.swift; path = BeAnInstanceOf.swift; sourceTree = "<group>"; };
		OBJ_59 /* BeCloseTo.swift */ = {isa = PBXFileReference; lastKnownFileType = sourcecode.swift; path = BeCloseTo.swift; sourceTree = "<group>"; };
		OBJ_6 /* Package.swift */ = {isa = PBXFileReference; explicitFileType = sourcecode.swift; path = Package.swift; sourceTree = "<group>"; };
		OBJ_60 /* BeEmpty.swift */ = {isa = PBXFileReference; lastKnownFileType = sourcecode.swift; path = BeEmpty.swift; sourceTree = "<group>"; };
		OBJ_61 /* BeGreaterThan.swift */ = {isa = PBXFileReference; lastKnownFileType = sourcecode.swift; path = BeGreaterThan.swift; sourceTree = "<group>"; };
		OBJ_62 /* BeGreaterThanOrEqualTo.swift */ = {isa = PBXFileReference; lastKnownFileType = sourcecode.swift; path = BeGreaterThanOrEqualTo.swift; sourceTree = "<group>"; };
		OBJ_63 /* BeIdenticalTo.swift */ = {isa = PBXFileReference; lastKnownFileType = sourcecode.swift; path = BeIdenticalTo.swift; sourceTree = "<group>"; };
		OBJ_64 /* BeLessThan.swift */ = {isa = PBXFileReference; lastKnownFileType = sourcecode.swift; path = BeLessThan.swift; sourceTree = "<group>"; };
		OBJ_65 /* BeLessThanOrEqual.swift */ = {isa = PBXFileReference; lastKnownFileType = sourcecode.swift; path = BeLessThanOrEqual.swift; sourceTree = "<group>"; };
		OBJ_66 /* BeLogical.swift */ = {isa = PBXFileReference; lastKnownFileType = sourcecode.swift; path = BeLogical.swift; sourceTree = "<group>"; };
		OBJ_67 /* BeNil.swift */ = {isa = PBXFileReference; lastKnownFileType = sourcecode.swift; path = BeNil.swift; sourceTree = "<group>"; };
		OBJ_68 /* BeVoid.swift */ = {isa = PBXFileReference; lastKnownFileType = sourcecode.swift; path = BeVoid.swift; sourceTree = "<group>"; };
		OBJ_69 /* BeginWith.swift */ = {isa = PBXFileReference; lastKnownFileType = sourcecode.swift; path = BeginWith.swift; sourceTree = "<group>"; };
		OBJ_70 /* Contain.swift */ = {isa = PBXFileReference; lastKnownFileType = sourcecode.swift; path = Contain.swift; sourceTree = "<group>"; };
		OBJ_71 /* ContainElementSatisfying.swift */ = {isa = PBXFileReference; lastKnownFileType = sourcecode.swift; path = ContainElementSatisfying.swift; sourceTree = "<group>"; };
		OBJ_72 /* ElementsEqual.swift */ = {isa = PBXFileReference; lastKnownFileType = sourcecode.swift; path = ElementsEqual.swift; sourceTree = "<group>"; };
		OBJ_73 /* EndWith.swift */ = {isa = PBXFileReference; lastKnownFileType = sourcecode.swift; path = EndWith.swift; sourceTree = "<group>"; };
		OBJ_74 /* Equal.swift */ = {isa = PBXFileReference; lastKnownFileType = sourcecode.swift; path = Equal.swift; sourceTree = "<group>"; };
		OBJ_75 /* HaveCount.swift */ = {isa = PBXFileReference; lastKnownFileType = sourcecode.swift; path = HaveCount.swift; sourceTree = "<group>"; };
		OBJ_76 /* Match.swift */ = {isa = PBXFileReference; lastKnownFileType = sourcecode.swift; path = Match.swift; sourceTree = "<group>"; };
		OBJ_77 /* MatchError.swift */ = {isa = PBXFileReference; lastKnownFileType = sourcecode.swift; path = MatchError.swift; sourceTree = "<group>"; };
		OBJ_78 /* MatcherFunc.swift */ = {isa = PBXFileReference; lastKnownFileType = sourcecode.swift; path = MatcherFunc.swift; sourceTree = "<group>"; };
		OBJ_79 /* MatcherProtocols.swift */ = {isa = PBXFileReference; lastKnownFileType = sourcecode.swift; path = MatcherProtocols.swift; sourceTree = "<group>"; };
		OBJ_8 /* Package.xcconfig */ = {isa = PBXFileReference; lastKnownFileType = text.xcconfig; path = Package.xcconfig; sourceTree = "<group>"; };
		OBJ_80 /* PostNotification.swift */ = {isa = PBXFileReference; lastKnownFileType = sourcecode.swift; path = PostNotification.swift; sourceTree = "<group>"; };
		OBJ_81 /* Predicate.swift */ = {isa = PBXFileReference; lastKnownFileType = sourcecode.swift; path = Predicate.swift; sourceTree = "<group>"; };
		OBJ_82 /* RaisesException.swift */ = {isa = PBXFileReference; lastKnownFileType = sourcecode.swift; path = RaisesException.swift; sourceTree = "<group>"; };
		OBJ_83 /* SatisfyAllOf.swift */ = {isa = PBXFileReference; lastKnownFileType = sourcecode.swift; path = SatisfyAllOf.swift; sourceTree = "<group>"; };
		OBJ_84 /* SatisfyAnyOf.swift */ = {isa = PBXFileReference; lastKnownFileType = sourcecode.swift; path = SatisfyAnyOf.swift; sourceTree = "<group>"; };
		OBJ_85 /* ThrowAssertion.swift */ = {isa = PBXFileReference; lastKnownFileType = sourcecode.swift; path = ThrowAssertion.swift; sourceTree = "<group>"; };
		OBJ_86 /* ThrowError.swift */ = {isa = PBXFileReference; lastKnownFileType = sourcecode.swift; path = ThrowError.swift; sourceTree = "<group>"; };
		OBJ_87 /* ToSucceed.swift */ = {isa = PBXFileReference; lastKnownFileType = sourcecode.swift; path = ToSucceed.swift; sourceTree = "<group>"; };
		OBJ_89 /* Await.swift */ = {isa = PBXFileReference; lastKnownFileType = sourcecode.swift; path = Await.swift; sourceTree = "<group>"; };
		OBJ_90 /* Errors.swift */ = {isa = PBXFileReference; lastKnownFileType = sourcecode.swift; path = Errors.swift; sourceTree = "<group>"; };
		OBJ_91 /* Functional.swift */ = {isa = PBXFileReference; lastKnownFileType = sourcecode.swift; path = Functional.swift; sourceTree = "<group>"; };
		OBJ_92 /* SourceLocation.swift */ = {isa = PBXFileReference; lastKnownFileType = sourcecode.swift; path = SourceLocation.swift; sourceTree = "<group>"; };
		OBJ_93 /* Stringers.swift */ = {isa = PBXFileReference; lastKnownFileType = sourcecode.swift; path = Stringers.swift; sourceTree = "<group>"; };
		OBJ_94 /* Package.swift */ = {isa = PBXFileReference; explicitFileType = sourcecode.swift; name = Package.swift; path = "/Users/arjan/Projects/SwiftCommon/DataKit/.build/checkouts/Nimble-6320384248619418185/Package.swift"; sourceTree = "<group>"; };
/* End PBXFileReference section */

/* Begin PBXFrameworksBuildPhase section */
		OBJ_111 /* Frameworks */ = {
			isa = PBXFrameworksBuildPhase;
			buildActionMask = 0;
			files = (
				OBJ_112 /* base64c.framework in Frameworks */,
			);
			runOnlyForDeploymentPostprocessing = 0;
		};
		OBJ_138 /* Frameworks */ = {
			isa = PBXFrameworksBuildPhase;
			buildActionMask = 0;
			files = (
				OBJ_139 /* Nimble.framework in Frameworks */,
				OBJ_140 /* DataKit.framework in Frameworks */,
				OBJ_141 /* base64c.framework in Frameworks */,
			);
			runOnlyForDeploymentPostprocessing = 0;
		};
		OBJ_202 /* Frameworks */ = {
			isa = PBXFrameworksBuildPhase;
			buildActionMask = 0;
			files = (
			);
			runOnlyForDeploymentPostprocessing = 0;
		};
		OBJ_214 /* Frameworks */ = {
			isa = PBXFrameworksBuildPhase;
			buildActionMask = 0;
			files = (
			);
			runOnlyForDeploymentPostprocessing = 0;
		};
		OBJ_221 /* Frameworks */ = {
			isa = PBXFrameworksBuildPhase;
			buildActionMask = 0;
			files = (
				OBJ_222 /* Nimble.framework in Frameworks */,
				OBJ_223 /* DataKit.framework in Frameworks */,
				OBJ_224 /* base64c.framework in Frameworks */,
			);
			runOnlyForDeploymentPostprocessing = 0;
		};
/* End PBXFrameworksBuildPhase section */

/* Begin PBXGroup section */
		OBJ_10 /* DataKit */ = {
			isa = PBXGroup;
			children = (
				OBJ_11 /* Array+Data.swift */,
				OBJ_12 /* Base64.swift */,
				OBJ_13 /* Data+ASCIIString.swift */,
				OBJ_14 /* Data+HexString.swift */,
				OBJ_15 /* Data+UTF8String.swift */,
			);
			name = DataKit;
			path = Sources/DataKit;
			sourceTree = SOURCE_ROOT;
		};
		OBJ_16 /* base64c */ = {
			isa = PBXGroup;
			children = (
				OBJ_17 /* base64.c */,
				OBJ_18 /* include */,
			);
			name = base64c;
			path = Sources/base64c;
			sourceTree = SOURCE_ROOT;
		};
		OBJ_18 /* include */ = {
			isa = PBXGroup;
			children = (
				OBJ_19 /* base64.h */,
				OBJ_20 /* module.modulemap */,
			);
			path = include;
			sourceTree = "<group>";
		};
		OBJ_21 /* Tests */ = {
			isa = PBXGroup;
			children = (
				OBJ_22 /* DataKitTests */,
			);
			name = Tests;
			sourceTree = SOURCE_ROOT;
		};
		OBJ_22 /* DataKitTests */ = {
			isa = PBXGroup;
			children = (
				OBJ_23 /* Base64Tests.swift */,
				OBJ_24 /* DataExtASCIIStringTests.swift */,
				OBJ_25 /* DataExtHexStringTests.swift */,
				OBJ_26 /* DataExtUTF8StringTests.swift */,
				OBJ_27 /* XCTestManifests.swift */,
			);
			name = DataKitTests;
			path = Tests/DataKitTests;
			sourceTree = SOURCE_ROOT;
		};
		OBJ_35 /* Dependencies */ = {
			isa = PBXGroup;
			children = (
				OBJ_36 /* Nimble */,
			);
			name = Dependencies;
			sourceTree = "<group>";
		};
		OBJ_36 /* Nimble */ = {
			isa = PBXGroup;
			children = (
				OBJ_37 /* Nimble */,
				OBJ_94 /* Package.swift */,
			);
			name = Nimble;
			sourceTree = SOURCE_ROOT;
		};
		OBJ_37 /* Nimble */ = {
			isa = PBXGroup;
			children = (
				OBJ_38 /* Adapters */,
				OBJ_48 /* DSL+Wait.swift */,
				OBJ_49 /* DSL.swift */,
				OBJ_50 /* Expectation.swift */,
				OBJ_51 /* ExpectationMessage.swift */,
				OBJ_52 /* Expression.swift */,
				OBJ_53 /* FailureMessage.swift */,
				OBJ_54 /* Matchers */,
				OBJ_88 /* Utils */,
			);
			name = Nimble;
			path = ".build/checkouts/Nimble-6320384248619418185/Sources/Nimble";
			sourceTree = SOURCE_ROOT;
		};
		OBJ_38 /* Adapters */ = {
			isa = PBXGroup;
			children = (
				OBJ_39 /* AdapterProtocols.swift */,
				OBJ_40 /* AssertionDispatcher.swift */,
				OBJ_41 /* AssertionRecorder.swift */,
				OBJ_42 /* NMBExpectation.swift */,
				OBJ_43 /* NMBObjCMatcher.swift */,
				OBJ_44 /* NimbleEnvironment.swift */,
				OBJ_45 /* NimbleXCTestHandler.swift */,
				OBJ_46 /* NonObjectiveC */,
			);
			path = Adapters;
			sourceTree = "<group>";
		};
		OBJ_46 /* NonObjectiveC */ = {
			isa = PBXGroup;
			children = (
				OBJ_47 /* ExceptionCapture.swift */,
			);
			path = NonObjectiveC;
			sourceTree = "<group>";
		};
		OBJ_5 /*  */ = {
			isa = PBXGroup;
			children = (
				OBJ_6 /* Package.swift */,
				OBJ_7 /* Configs */,
				OBJ_9 /* Sources */,
				OBJ_21 /* Tests */,
				OBJ_31 /* danger_plugins */,
				OBJ_32 /* docs */,
				OBJ_33 /* fastlane */,
				OBJ_34 /* build */,
				OBJ_35 /* Dependencies */,
				OBJ_95 /* Products */,
			);
			name = "";
			sourceTree = "<group>";
		};
		OBJ_54 /* Matchers */ = {
			isa = PBXGroup;
			children = (
				OBJ_55 /* AllPass.swift */,
				OBJ_56 /* Async.swift */,
				OBJ_57 /* BeAKindOf.swift */,
				OBJ_58 /* BeAnInstanceOf.swift */,
				OBJ_59 /* BeCloseTo.swift */,
				OBJ_60 /* BeEmpty.swift */,
				OBJ_61 /* BeGreaterThan.swift */,
				OBJ_62 /* BeGreaterThanOrEqualTo.swift */,
				OBJ_63 /* BeIdenticalTo.swift */,
				OBJ_64 /* BeLessThan.swift */,
				OBJ_65 /* BeLessThanOrEqual.swift */,
				OBJ_66 /* BeLogical.swift */,
				OBJ_67 /* BeNil.swift */,
				OBJ_68 /* BeVoid.swift */,
				OBJ_69 /* BeginWith.swift */,
				OBJ_70 /* Contain.swift */,
				OBJ_71 /* ContainElementSatisfying.swift */,
				OBJ_72 /* ElementsEqual.swift */,
				OBJ_73 /* EndWith.swift */,
				OBJ_74 /* Equal.swift */,
				OBJ_75 /* HaveCount.swift */,
				OBJ_76 /* Match.swift */,
				OBJ_77 /* MatchError.swift */,
				OBJ_78 /* MatcherFunc.swift */,
				OBJ_79 /* MatcherProtocols.swift */,
				OBJ_80 /* PostNotification.swift */,
				OBJ_81 /* Predicate.swift */,
				OBJ_82 /* RaisesException.swift */,
				OBJ_83 /* SatisfyAllOf.swift */,
				OBJ_84 /* SatisfyAnyOf.swift */,
				OBJ_85 /* ThrowAssertion.swift */,
				OBJ_86 /* ThrowError.swift */,
				OBJ_87 /* ToSucceed.swift */,
			);
			path = Matchers;
			sourceTree = "<group>";
		};
		OBJ_7 /* Configs */ = {
			isa = PBXGroup;
			children = (
				OBJ_8 /* Package.xcconfig */,
			);
			name = Configs;
			sourceTree = "<group>";
		};
		OBJ_88 /* Utils */ = {
			isa = PBXGroup;
			children = (
				OBJ_89 /* Await.swift */,
				OBJ_90 /* Errors.swift */,
				OBJ_91 /* Functional.swift */,
				OBJ_92 /* SourceLocation.swift */,
				OBJ_93 /* Stringers.swift */,
			);
			path = Utils;
			sourceTree = "<group>";
		};
		OBJ_9 /* Sources */ = {
			isa = PBXGroup;
			children = (
				OBJ_10 /* DataKit */,
				OBJ_16 /* base64c */,
			);
			name = Sources;
			sourceTree = SOURCE_ROOT;
		};
		OBJ_95 /* Products */ = {
			isa = PBXGroup;
			children = (
				"DataKit::DataKit::Product" /* DataKit.framework */,
				"DataKit::base64cTests::Product" /* base64cTests.xctest */,
				"Nimble::Nimble::Product" /* Nimble.framework */,
				"DataKit::DataKitTests::Product" /* DataKitTests.xctest */,
				"DataKit::base64c::Product" /* base64c.framework */,
			);
			name = Products;
			sourceTree = BUILT_PRODUCTS_DIR;
		};
/* End PBXGroup section */

/* Begin PBXNativeTarget section */
		"DataKit::DataKit" /* DataKit */ = {
			isa = PBXNativeTarget;
			buildConfigurationList = OBJ_102 /* Build configuration list for PBXNativeTarget "DataKit" */;
			buildPhases = (
				OBJ_105 /* Sources */,
				OBJ_111 /* Frameworks */,
			);
			buildRules = (
			);
			dependencies = (
				OBJ_113 /* PBXTargetDependency */,
			);
			name = DataKit;
			productName = DataKit;
			productReference = "DataKit::DataKit::Product" /* DataKit.framework */;
			productType = "com.apple.product-type.framework";
		};
		"DataKit::DataKitTests" /* DataKitTests */ = {
			isa = PBXNativeTarget;
			buildConfigurationList = OBJ_129 /* Build configuration list for PBXNativeTarget "DataKitTests" */;
			buildPhases = (
				OBJ_132 /* Sources */,
				OBJ_138 /* Frameworks */,
			);
			buildRules = (
			);
			dependencies = (
				OBJ_142 /* PBXTargetDependency */,
				OBJ_144 /* PBXTargetDependency */,
				OBJ_145 /* PBXTargetDependency */,
			);
			name = DataKitTests;
			productName = DataKitTests;
			productReference = "DataKit::DataKitTests::Product" /* DataKitTests.xctest */;
			productType = "com.apple.product-type.bundle.unit-test";
		};
		"DataKit::SwiftPMPackageDescription" /* DataKitPackageDescription */ = {
			isa = PBXNativeTarget;
			buildConfigurationList = OBJ_116 /* Build configuration list for PBXNativeTarget "DataKitPackageDescription" */;
			buildPhases = (
				OBJ_119 /* Sources */,
			);
			buildRules = (
			);
			dependencies = (
			);
			name = DataKitPackageDescription;
			productName = DataKitPackageDescription;
			productType = "com.apple.product-type.framework";
		};
		"DataKit::base64c" /* base64c */ = {
			isa = PBXNativeTarget;
			buildConfigurationList = OBJ_209 /* Build configuration list for PBXNativeTarget "base64c" */;
			buildPhases = (
				OBJ_212 /* Sources */,
				OBJ_214 /* Frameworks */,
			);
			buildRules = (
			);
			dependencies = (
			);
			name = base64c;
			productName = base64c;
			productReference = "DataKit::base64c::Product" /* base64c.framework */;
			productType = "com.apple.product-type.framework";
		};
		"DataKit::base64cTests" /* base64cTests */ = {
			isa = PBXNativeTarget;
			buildConfigurationList = OBJ_215 /* Build configuration list for PBXNativeTarget "base64cTests" */;
			buildPhases = (
				OBJ_218 /* Sources */,
				OBJ_221 /* Frameworks */,
			);
			buildRules = (
			);
			dependencies = (
				OBJ_225 /* PBXTargetDependency */,
				OBJ_226 /* PBXTargetDependency */,
				OBJ_227 /* PBXTargetDependency */,
			);
			name = base64cTests;
			productName = base64cTests;
			productReference = "DataKit::base64cTests::Product" /* base64cTests.xctest */;
			productType = "com.apple.product-type.bundle.unit-test";
		};
		"Nimble::Nimble" /* Nimble */ = {
			isa = PBXNativeTarget;
			buildConfigurationList = OBJ_146 /* Build configuration list for PBXNativeTarget "Nimble" */;
			buildPhases = (
				OBJ_149 /* Sources */,
				OBJ_202 /* Frameworks */,
			);
			buildRules = (
			);
			dependencies = (
			);
			name = Nimble;
			productName = Nimble;
			productReference = "Nimble::Nimble::Product" /* Nimble.framework */;
			productType = "com.apple.product-type.framework";
		};
		"Nimble::SwiftPMPackageDescription" /* NimblePackageDescription */ = {
			isa = PBXNativeTarget;
			buildConfigurationList = OBJ_204 /* Build configuration list for PBXNativeTarget "NimblePackageDescription" */;
			buildPhases = (
				OBJ_207 /* Sources */,
			);
			buildRules = (
			);
			dependencies = (
			);
			name = NimblePackageDescription;
			productName = NimblePackageDescription;
			productType = "com.apple.product-type.framework";
		};
/* End PBXNativeTarget section */

/* Begin PBXProject section */
		OBJ_1 /* Project object */ = {
			isa = PBXProject;
			attributes = {
				LastUpgradeCheck = 9999;
			};
			buildConfigurationList = OBJ_2 /* Build configuration list for PBXProject "DataKit" */;
			compatibilityVersion = "Xcode 3.2";
			developmentRegion = English;
			hasScannedForEncodings = 0;
			knownRegions = (
				en,
			);
			mainGroup = OBJ_5 /*  */;
			productRefGroup = OBJ_95 /* Products */;
			projectDirPath = "";
			projectRoot = "";
			targets = (
				"DataKit::DataKit" /* DataKit */,
				"DataKit::SwiftPMPackageDescription" /* DataKitPackageDescription */,
				"DataKit::DataKitPackageTests::ProductTarget" /* DataKitPackageTests */,
				"DataKit::DataKitTests" /* DataKitTests */,
				"Nimble::Nimble" /* Nimble */,
				"Nimble::SwiftPMPackageDescription" /* NimblePackageDescription */,
				"DataKit::base64c" /* base64c */,
				"DataKit::base64cTests" /* base64cTests */,
			);
		};
/* End PBXProject section */

/* Begin PBXSourcesBuildPhase section */
		OBJ_105 /* Sources */ = {
			isa = PBXSourcesBuildPhase;
			buildActionMask = 0;
			files = (
				OBJ_106 /* Array+Data.swift in Sources */,
				OBJ_107 /* Base64.swift in Sources */,
				OBJ_108 /* Data+ASCIIString.swift in Sources */,
				OBJ_109 /* Data+HexString.swift in Sources */,
				OBJ_110 /* Data+UTF8String.swift in Sources */,
			);
			runOnlyForDeploymentPostprocessing = 0;
		};
		OBJ_119 /* Sources */ = {
			isa = PBXSourcesBuildPhase;
			buildActionMask = 0;
			files = (
				OBJ_120 /* Package.swift in Sources */,
			);
			runOnlyForDeploymentPostprocessing = 0;
		};
		OBJ_132 /* Sources */ = {
			isa = PBXSourcesBuildPhase;
			buildActionMask = 0;
			files = (
				OBJ_133 /* Base64Tests.swift in Sources */,
				OBJ_134 /* DataExtASCIIStringTests.swift in Sources */,
				OBJ_135 /* DataExtHexStringTests.swift in Sources */,
				OBJ_136 /* DataExtUTF8StringTests.swift in Sources */,
				OBJ_137 /* XCTestManifests.swift in Sources */,
			);
			runOnlyForDeploymentPostprocessing = 0;
		};
		OBJ_149 /* Sources */ = {
			isa = PBXSourcesBuildPhase;
			buildActionMask = 0;
			files = (
				OBJ_150 /* AdapterProtocols.swift in Sources */,
				OBJ_151 /* AssertionDispatcher.swift in Sources */,
				OBJ_152 /* AssertionRecorder.swift in Sources */,
				OBJ_153 /* NMBExpectation.swift in Sources */,
				OBJ_154 /* NMBObjCMatcher.swift in Sources */,
				OBJ_155 /* NimbleEnvironment.swift in Sources */,
				OBJ_156 /* NimbleXCTestHandler.swift in Sources */,
				OBJ_157 /* ExceptionCapture.swift in Sources */,
				OBJ_158 /* DSL+Wait.swift in Sources */,
				OBJ_159 /* DSL.swift in Sources */,
				OBJ_160 /* Expectation.swift in Sources */,
				OBJ_161 /* ExpectationMessage.swift in Sources */,
				OBJ_162 /* Expression.swift in Sources */,
				OBJ_163 /* FailureMessage.swift in Sources */,
				OBJ_164 /* AllPass.swift in Sources */,
				OBJ_165 /* Async.swift in Sources */,
				OBJ_166 /* BeAKindOf.swift in Sources */,
				OBJ_167 /* BeAnInstanceOf.swift in Sources */,
				OBJ_168 /* BeCloseTo.swift in Sources */,
				OBJ_169 /* BeEmpty.swift in Sources */,
				OBJ_170 /* BeGreaterThan.swift in Sources */,
				OBJ_171 /* BeGreaterThanOrEqualTo.swift in Sources */,
				OBJ_172 /* BeIdenticalTo.swift in Sources */,
				OBJ_173 /* BeLessThan.swift in Sources */,
				OBJ_174 /* BeLessThanOrEqual.swift in Sources */,
				OBJ_175 /* BeLogical.swift in Sources */,
				OBJ_176 /* BeNil.swift in Sources */,
				OBJ_177 /* BeVoid.swift in Sources */,
				OBJ_178 /* BeginWith.swift in Sources */,
				OBJ_179 /* Contain.swift in Sources */,
				OBJ_180 /* ContainElementSatisfying.swift in Sources */,
				OBJ_181 /* ElementsEqual.swift in Sources */,
				OBJ_182 /* EndWith.swift in Sources */,
				OBJ_183 /* Equal.swift in Sources */,
				OBJ_184 /* HaveCount.swift in Sources */,
				OBJ_185 /* Match.swift in Sources */,
				OBJ_186 /* MatchError.swift in Sources */,
				OBJ_187 /* MatcherFunc.swift in Sources */,
				OBJ_188 /* MatcherProtocols.swift in Sources */,
				OBJ_189 /* PostNotification.swift in Sources */,
				OBJ_190 /* Predicate.swift in Sources */,
				OBJ_191 /* RaisesException.swift in Sources */,
				OBJ_192 /* SatisfyAllOf.swift in Sources */,
				OBJ_193 /* SatisfyAnyOf.swift in Sources */,
				OBJ_194 /* ThrowAssertion.swift in Sources */,
				OBJ_195 /* ThrowError.swift in Sources */,
				OBJ_196 /* ToSucceed.swift in Sources */,
				OBJ_197 /* Await.swift in Sources */,
				OBJ_198 /* Errors.swift in Sources */,
				OBJ_199 /* Functional.swift in Sources */,
				OBJ_200 /* SourceLocation.swift in Sources */,
				OBJ_201 /* Stringers.swift in Sources */,
			);
			runOnlyForDeploymentPostprocessing = 0;
		};
		OBJ_207 /* Sources */ = {
			isa = PBXSourcesBuildPhase;
			buildActionMask = 0;
			files = (
				OBJ_208 /* Package.swift in Sources */,
			);
			runOnlyForDeploymentPostprocessing = 0;
		};
		OBJ_212 /* Sources */ = {
			isa = PBXSourcesBuildPhase;
			buildActionMask = 0;
			files = (
				OBJ_213 /* base64.c in Sources */,
			);
			runOnlyForDeploymentPostprocessing = 0;
		};
		OBJ_218 /* Sources */ = {
			isa = PBXSourcesBuildPhase;
			buildActionMask = 0;
			files = (
			);
			runOnlyForDeploymentPostprocessing = 0;
		};
/* End PBXSourcesBuildPhase section */

/* Begin PBXTargetDependency section */
		OBJ_113 /* PBXTargetDependency */ = {
			isa = PBXTargetDependency;
			target = "DataKit::base64c" /* base64c */;
			targetProxy = D68B631821B1818700943D35 /* PBXContainerItemProxy */;
		};
		OBJ_125 /* PBXTargetDependency */ = {
			isa = PBXTargetDependency;
			target = "DataKit::DataKitTests" /* DataKitTests */;
			targetProxy = D68B631A21B1818800943D35 /* PBXContainerItemProxy */;
		};
		OBJ_127 /* PBXTargetDependency */ = {
			isa = PBXTargetDependency;
			target = "DataKit::base64cTests" /* base64cTests */;
			targetProxy = D68B631B21B1818800943D35 /* PBXContainerItemProxy */;
		};
		OBJ_142 /* PBXTargetDependency */ = {
			isa = PBXTargetDependency;
			target = "Nimble::Nimble" /* Nimble */;
			targetProxy = D68B631621B1818700943D35 /* PBXContainerItemProxy */;
		};
		OBJ_144 /* PBXTargetDependency */ = {
			isa = PBXTargetDependency;
			target = "DataKit::DataKit" /* DataKit */;
			targetProxy = D68B631721B1818700943D35 /* PBXContainerItemProxy */;
		};
		OBJ_145 /* PBXTargetDependency */ = {
			isa = PBXTargetDependency;
			target = "DataKit::base64c" /* base64c */;
			targetProxy = D68B631921B1818700943D35 /* PBXContainerItemProxy */;
		};
		OBJ_225 /* PBXTargetDependency */ = {
			isa = PBXTargetDependency;
			target = "Nimble::Nimble" /* Nimble */;
			targetProxy = D68B631C21B1818800943D35 /* PBXContainerItemProxy */;
		};
		OBJ_226 /* PBXTargetDependency */ = {
			isa = PBXTargetDependency;
			target = "DataKit::DataKit" /* DataKit */;
			targetProxy = D68B631D21B1818800943D35 /* PBXContainerItemProxy */;
		};
		OBJ_227 /* PBXTargetDependency */ = {
			isa = PBXTargetDependency;
			target = "DataKit::base64c" /* base64c */;
			targetProxy = D68B631E21B1818800943D35 /* PBXContainerItemProxy */;
		};
/* End PBXTargetDependency section */

/* Begin XCBuildConfiguration section */
		OBJ_103 /* Debug */ = {
			isa = XCBuildConfiguration;
			baseConfigurationReference = OBJ_8 /* Package.xcconfig */;
			buildSettings = {
				ENABLE_TESTABILITY = YES;
				FRAMEWORK_SEARCH_PATHS = (
					"$(inherited)",
					"$(PLATFORM_DIR)/Developer/Library/Frameworks",
				);
				HEADER_SEARCH_PATHS = (
					"$(inherited)",
					"$(SRCROOT)/Sources/base64c/include",
					"$(SRCROOT)/DataKit.xcodeproj/GeneratedModuleMap/base64c",
				);
				INFOPLIST_FILE = DataKit.xcodeproj/DataKit_Info.plist;
				LD_RUNPATH_SEARCH_PATHS = "$(inherited) $(TOOLCHAIN_DIR)/usr/lib/swift/macosx";
				OTHER_CFLAGS = "$(inherited)";
				OTHER_LDFLAGS = "$(inherited)";
				OTHER_SWIFT_FLAGS = "$(inherited) -Xcc -fmodule-map-file=$(SRCROOT)/DataKit.xcodeproj/GeneratedModuleMap/base64c/module.modulemap";
				PRODUCT_BUNDLE_IDENTIFIER = DataKit;
				PRODUCT_MODULE_NAME = "$(TARGET_NAME:c99extidentifier)";
				PRODUCT_NAME = "$(TARGET_NAME:c99extidentifier)";
				SKIP_INSTALL = YES;
				SWIFT_ACTIVE_COMPILATION_CONDITIONS = "$(inherited)";
				SWIFT_VERSION = 4.2;
				TARGET_NAME = DataKit;
			};
			name = Debug;
		};
		OBJ_104 /* Release */ = {
			isa = XCBuildConfiguration;
			baseConfigurationReference = OBJ_8 /* Package.xcconfig */;
			buildSettings = {
				ENABLE_TESTABILITY = YES;
				FRAMEWORK_SEARCH_PATHS = (
					"$(inherited)",
					"$(PLATFORM_DIR)/Developer/Library/Frameworks",
				);
				HEADER_SEARCH_PATHS = (
					"$(inherited)",
					"$(SRCROOT)/Sources/base64c/include",
					"$(SRCROOT)/DataKit.xcodeproj/GeneratedModuleMap/base64c",
				);
				INFOPLIST_FILE = DataKit.xcodeproj/DataKit_Info.plist;
				LD_RUNPATH_SEARCH_PATHS = "$(inherited) $(TOOLCHAIN_DIR)/usr/lib/swift/macosx";
				OTHER_CFLAGS = "$(inherited)";
				OTHER_LDFLAGS = "$(inherited)";
				OTHER_SWIFT_FLAGS = "$(inherited) -Xcc -fmodule-map-file=$(SRCROOT)/DataKit.xcodeproj/GeneratedModuleMap/base64c/module.modulemap";
				PRODUCT_BUNDLE_IDENTIFIER = DataKit;
				PRODUCT_MODULE_NAME = "$(TARGET_NAME:c99extidentifier)";
				PRODUCT_NAME = "$(TARGET_NAME:c99extidentifier)";
				SKIP_INSTALL = YES;
				SWIFT_ACTIVE_COMPILATION_CONDITIONS = "$(inherited)";
				SWIFT_VERSION = 4.2;
				TARGET_NAME = DataKit;
			};
			name = Release;
		};
		OBJ_117 /* Debug */ = {
			isa = XCBuildConfiguration;
			buildSettings = {
				LD = /usr/bin/true;
				OTHER_SWIFT_FLAGS = "-swift-version 4.2 -I $(TOOLCHAIN_DIR)/usr/lib/swift/pm/4_2 -target x86_64-apple-macosx10.10 -sdk /Applications/Xcode.app/Contents/Developer/Platforms/MacOSX.platform/Developer/SDKs/MacOSX10.14.sdk";
				SWIFT_VERSION = 4.2;
			};
			name = Debug;
		};
		OBJ_118 /* Release */ = {
			isa = XCBuildConfiguration;
			buildSettings = {
				LD = /usr/bin/true;
				OTHER_SWIFT_FLAGS = "-swift-version 4.2 -I $(TOOLCHAIN_DIR)/usr/lib/swift/pm/4_2 -target x86_64-apple-macosx10.10 -sdk /Applications/Xcode.app/Contents/Developer/Platforms/MacOSX.platform/Developer/SDKs/MacOSX10.14.sdk";
				SWIFT_VERSION = 4.2;
			};
			name = Release;
		};
		OBJ_123 /* Debug */ = {
			isa = XCBuildConfiguration;
			buildSettings = {
			};
			name = Debug;
		};
		OBJ_124 /* Release */ = {
			isa = XCBuildConfiguration;
			buildSettings = {
			};
			name = Release;
		};
		OBJ_130 /* Debug */ = {
			isa = XCBuildConfiguration;
			baseConfigurationReference = OBJ_8 /* Package.xcconfig */;
			buildSettings = {
				CLANG_ENABLE_MODULES = YES;
				EMBEDDED_CONTENT_CONTAINS_SWIFT = YES;
				FRAMEWORK_SEARCH_PATHS = (
					"$(inherited)",
					"$(PLATFORM_DIR)/Developer/Library/Frameworks",
				);
				HEADER_SEARCH_PATHS = (
					"$(inherited)",
					"$(SRCROOT)/Sources/base64c/include",
					"$(SRCROOT)/DataKit.xcodeproj/GeneratedModuleMap/base64c",
				);
				INFOPLIST_FILE = DataKit.xcodeproj/DataKitTests_Info.plist;
				LD_RUNPATH_SEARCH_PATHS = "$(inherited) @loader_path/../Frameworks @loader_path/Frameworks";
				OTHER_CFLAGS = "$(inherited)";
				OTHER_LDFLAGS = "$(inherited)";
				OTHER_SWIFT_FLAGS = "$(inherited) -Xcc -fmodule-map-file=$(SRCROOT)/DataKit.xcodeproj/GeneratedModuleMap/base64c/module.modulemap";
				SWIFT_ACTIVE_COMPILATION_CONDITIONS = "$(inherited)";
				SWIFT_VERSION = 4.2;
				TARGET_NAME = DataKitTests;
			};
			name = Debug;
		};
		OBJ_131 /* Release */ = {
			isa = XCBuildConfiguration;
			baseConfigurationReference = OBJ_8 /* Package.xcconfig */;
			buildSettings = {
				CLANG_ENABLE_MODULES = YES;
				EMBEDDED_CONTENT_CONTAINS_SWIFT = YES;
				FRAMEWORK_SEARCH_PATHS = (
					"$(inherited)",
					"$(PLATFORM_DIR)/Developer/Library/Frameworks",
				);
				HEADER_SEARCH_PATHS = (
					"$(inherited)",
					"$(SRCROOT)/Sources/base64c/include",
					"$(SRCROOT)/DataKit.xcodeproj/GeneratedModuleMap/base64c",
				);
				INFOPLIST_FILE = DataKit.xcodeproj/DataKitTests_Info.plist;
				LD_RUNPATH_SEARCH_PATHS = "$(inherited) @loader_path/../Frameworks @loader_path/Frameworks";
				OTHER_CFLAGS = "$(inherited)";
				OTHER_LDFLAGS = "$(inherited)";
				OTHER_SWIFT_FLAGS = "$(inherited) -Xcc -fmodule-map-file=$(SRCROOT)/DataKit.xcodeproj/GeneratedModuleMap/base64c/module.modulemap";
				SWIFT_ACTIVE_COMPILATION_CONDITIONS = "$(inherited)";
				SWIFT_VERSION = 4.2;
				TARGET_NAME = DataKitTests;
			};
			name = Release;
		};
		OBJ_147 /* Debug */ = {
			isa = XCBuildConfiguration;
			baseConfigurationReference = OBJ_8 /* Package.xcconfig */;
			buildSettings = {
				ENABLE_TESTABILITY = YES;
				FRAMEWORK_SEARCH_PATHS = (
					"$(inherited)",
					"$(PLATFORM_DIR)/Developer/Library/Frameworks",
				);
				HEADER_SEARCH_PATHS = "$(inherited)";
				INFOPLIST_FILE = DataKit.xcodeproj/Nimble_Info.plist;
				LD_RUNPATH_SEARCH_PATHS = "$(inherited) $(TOOLCHAIN_DIR)/usr/lib/swift/macosx";
				OTHER_CFLAGS = "$(inherited)";
				OTHER_LDFLAGS = "$(inherited)";
				OTHER_SWIFT_FLAGS = "$(inherited)";
				PRODUCT_BUNDLE_IDENTIFIER = Nimble;
				PRODUCT_MODULE_NAME = "$(TARGET_NAME:c99extidentifier)";
				PRODUCT_NAME = "$(TARGET_NAME:c99extidentifier)";
				SKIP_INSTALL = YES;
				SWIFT_ACTIVE_COMPILATION_CONDITIONS = "$(inherited)";
				SWIFT_VERSION = 4.2;
				TARGET_NAME = Nimble;
			};
			name = Debug;
		};
		OBJ_148 /* Release */ = {
			isa = XCBuildConfiguration;
			baseConfigurationReference = OBJ_8 /* Package.xcconfig */;
			buildSettings = {
				ENABLE_TESTABILITY = YES;
				FRAMEWORK_SEARCH_PATHS = (
					"$(inherited)",
					"$(PLATFORM_DIR)/Developer/Library/Frameworks",
				);
				HEADER_SEARCH_PATHS = "$(inherited)";
				INFOPLIST_FILE = DataKit.xcodeproj/Nimble_Info.plist;
				LD_RUNPATH_SEARCH_PATHS = "$(inherited) $(TOOLCHAIN_DIR)/usr/lib/swift/macosx";
				OTHER_CFLAGS = "$(inherited)";
				OTHER_LDFLAGS = "$(inherited)";
				OTHER_SWIFT_FLAGS = "$(inherited)";
				PRODUCT_BUNDLE_IDENTIFIER = Nimble;
				PRODUCT_MODULE_NAME = "$(TARGET_NAME:c99extidentifier)";
				PRODUCT_NAME = "$(TARGET_NAME:c99extidentifier)";
				SKIP_INSTALL = YES;
				SWIFT_ACTIVE_COMPILATION_CONDITIONS = "$(inherited)";
				SWIFT_VERSION = 4.2;
				TARGET_NAME = Nimble;
			};
			name = Release;
		};
		OBJ_205 /* Debug */ = {
			isa = XCBuildConfiguration;
			buildSettings = {
				LD = /usr/bin/true;
				OTHER_SWIFT_FLAGS = "-swift-version 4.2 -I $(TOOLCHAIN_DIR)/usr/lib/swift/pm/4_2 -target x86_64-apple-macosx10.10 -sdk /Applications/Xcode.app/Contents/Developer/Platforms/MacOSX.platform/Developer/SDKs/MacOSX10.14.sdk";
				SWIFT_VERSION = 4.2;
			};
			name = Debug;
		};
		OBJ_206 /* Release */ = {
			isa = XCBuildConfiguration;
			buildSettings = {
				LD = /usr/bin/true;
				OTHER_SWIFT_FLAGS = "-swift-version 4.2 -I $(TOOLCHAIN_DIR)/usr/lib/swift/pm/4_2 -target x86_64-apple-macosx10.10 -sdk /Applications/Xcode.app/Contents/Developer/Platforms/MacOSX.platform/Developer/SDKs/MacOSX10.14.sdk";
				SWIFT_VERSION = 4.2;
			};
			name = Release;
		};
		OBJ_210 /* Debug */ = {
			isa = XCBuildConfiguration;
			baseConfigurationReference = OBJ_8 /* Package.xcconfig */;
			buildSettings = {
				DEFINES_MODULE = NO;
				ENABLE_TESTABILITY = YES;
				FRAMEWORK_SEARCH_PATHS = (
					"$(inherited)",
					"$(PLATFORM_DIR)/Developer/Library/Frameworks",
				);
				HEADER_SEARCH_PATHS = (
					"$(inherited)",
					"$(SRCROOT)/Sources/base64c/include",
				);
				INFOPLIST_FILE = DataKit.xcodeproj/base64c_Info.plist;
				LD_RUNPATH_SEARCH_PATHS = "$(inherited) $(TOOLCHAIN_DIR)/usr/lib/swift/macosx";
				OTHER_CFLAGS = "$(inherited)";
				OTHER_LDFLAGS = "$(inherited)";
				OTHER_SWIFT_FLAGS = "$(inherited)";
				PRODUCT_BUNDLE_IDENTIFIER = base64c;
				PRODUCT_MODULE_NAME = "$(TARGET_NAME:c99extidentifier)";
				PRODUCT_NAME = "$(TARGET_NAME:c99extidentifier)";
				SKIP_INSTALL = YES;
				SWIFT_ACTIVE_COMPILATION_CONDITIONS = "$(inherited)";
				TARGET_NAME = base64c;
			};
			name = Debug;
		};
		OBJ_211 /* Release */ = {
			isa = XCBuildConfiguration;
			baseConfigurationReference = OBJ_8 /* Package.xcconfig */;
			buildSettings = {
				DEFINES_MODULE = NO;
				ENABLE_TESTABILITY = YES;
				FRAMEWORK_SEARCH_PATHS = (
					"$(inherited)",
					"$(PLATFORM_DIR)/Developer/Library/Frameworks",
				);
				HEADER_SEARCH_PATHS = (
					"$(inherited)",
					"$(SRCROOT)/Sources/base64c/include",
				);
				INFOPLIST_FILE = DataKit.xcodeproj/base64c_Info.plist;
				LD_RUNPATH_SEARCH_PATHS = "$(inherited) $(TOOLCHAIN_DIR)/usr/lib/swift/macosx";
				OTHER_CFLAGS = "$(inherited)";
				OTHER_LDFLAGS = "$(inherited)";
				OTHER_SWIFT_FLAGS = "$(inherited)";
				PRODUCT_BUNDLE_IDENTIFIER = base64c;
				PRODUCT_MODULE_NAME = "$(TARGET_NAME:c99extidentifier)";
				PRODUCT_NAME = "$(TARGET_NAME:c99extidentifier)";
				SKIP_INSTALL = YES;
				SWIFT_ACTIVE_COMPILATION_CONDITIONS = "$(inherited)";
				TARGET_NAME = base64c;
			};
			name = Release;
		};
		OBJ_216 /* Debug */ = {
			isa = XCBuildConfiguration;
			baseConfigurationReference = OBJ_8 /* Package.xcconfig */;
			buildSettings = {
				CLANG_ENABLE_MODULES = YES;
				EMBEDDED_CONTENT_CONTAINS_SWIFT = YES;
				FRAMEWORK_SEARCH_PATHS = (
					"$(inherited)",
					"$(PLATFORM_DIR)/Developer/Library/Frameworks",
				);
				HEADER_SEARCH_PATHS = (
					"$(inherited)",
					"$(SRCROOT)/Sources/base64c/include",
					"$(SRCROOT)/DataKit.xcodeproj/GeneratedModuleMap/base64c",
				);
				INFOPLIST_FILE = DataKit.xcodeproj/base64cTests_Info.plist;
				LD_RUNPATH_SEARCH_PATHS = "$(inherited) @loader_path/../Frameworks @loader_path/Frameworks";
				OTHER_CFLAGS = "$(inherited)";
				OTHER_LDFLAGS = "$(inherited)";
				OTHER_SWIFT_FLAGS = "$(inherited) -Xcc -fmodule-map-file=$(SRCROOT)/DataKit.xcodeproj/GeneratedModuleMap/base64c/module.modulemap";
				SWIFT_ACTIVE_COMPILATION_CONDITIONS = "$(inherited)";
				SWIFT_VERSION = 4.2;
				TARGET_NAME = base64cTests;
			};
			name = Debug;
		};
		OBJ_217 /* Release */ = {
			isa = XCBuildConfiguration;
			baseConfigurationReference = OBJ_8 /* Package.xcconfig */;
			buildSettings = {
				CLANG_ENABLE_MODULES = YES;
				EMBEDDED_CONTENT_CONTAINS_SWIFT = YES;
				FRAMEWORK_SEARCH_PATHS = (
					"$(inherited)",
					"$(PLATFORM_DIR)/Developer/Library/Frameworks",
				);
				HEADER_SEARCH_PATHS = (
					"$(inherited)",
					"$(SRCROOT)/Sources/base64c/include",
					"$(SRCROOT)/DataKit.xcodeproj/GeneratedModuleMap/base64c",
				);
				INFOPLIST_FILE = DataKit.xcodeproj/base64cTests_Info.plist;
				LD_RUNPATH_SEARCH_PATHS = "$(inherited) @loader_path/../Frameworks @loader_path/Frameworks";
				OTHER_CFLAGS = "$(inherited)";
				OTHER_LDFLAGS = "$(inherited)";
				OTHER_SWIFT_FLAGS = "$(inherited) -Xcc -fmodule-map-file=$(SRCROOT)/DataKit.xcodeproj/GeneratedModuleMap/base64c/module.modulemap";
				SWIFT_ACTIVE_COMPILATION_CONDITIONS = "$(inherited)";
				SWIFT_VERSION = 4.2;
				TARGET_NAME = base64cTests;
			};
			name = Release;
		};
		OBJ_3 /* Debug */ = {
			isa = XCBuildConfiguration;
			buildSettings = {
				CLANG_ENABLE_OBJC_ARC = YES;
				COMBINE_HIDPI_IMAGES = YES;
				COPY_PHASE_STRIP = NO;
				DEBUG_INFORMATION_FORMAT = dwarf;
				DYLIB_INSTALL_NAME_BASE = "@rpath";
				ENABLE_NS_ASSERTIONS = YES;
				GCC_OPTIMIZATION_LEVEL = 0;
				GCC_PREPROCESSOR_DEFINITIONS = (
					"DEBUG=1",
					"$(inherited)",
				);
				MACOSX_DEPLOYMENT_TARGET = 10.10;
				ONLY_ACTIVE_ARCH = YES;
				OTHER_SWIFT_FLAGS = "-DXcode";
				PRODUCT_NAME = "$(TARGET_NAME)";
				SDKROOT = macosx;
				SUPPORTED_PLATFORMS = "macosx iphoneos iphonesimulator appletvos appletvsimulator watchos watchsimulator";
				SWIFT_ACTIVE_COMPILATION_CONDITIONS = "SWIFT_PACKAGE DEBUG";
				SWIFT_OPTIMIZATION_LEVEL = "-Onone";
				USE_HEADERMAP = NO;
			};
			name = Debug;
		};
		OBJ_4 /* Release */ = {
			isa = XCBuildConfiguration;
			buildSettings = {
				CLANG_ENABLE_OBJC_ARC = YES;
				COMBINE_HIDPI_IMAGES = YES;
				COPY_PHASE_STRIP = YES;
				DEBUG_INFORMATION_FORMAT = "dwarf-with-dsym";
				DYLIB_INSTALL_NAME_BASE = "@rpath";
				GCC_OPTIMIZATION_LEVEL = s;
				MACOSX_DEPLOYMENT_TARGET = 10.10;
				OTHER_SWIFT_FLAGS = "-DXcode";
				PRODUCT_NAME = "$(TARGET_NAME)";
				SDKROOT = macosx;
				SUPPORTED_PLATFORMS = "macosx iphoneos iphonesimulator appletvos appletvsimulator watchos watchsimulator";
				SWIFT_ACTIVE_COMPILATION_CONDITIONS = SWIFT_PACKAGE;
				SWIFT_OPTIMIZATION_LEVEL = "-Owholemodule";
				USE_HEADERMAP = NO;
			};
			name = Release;
		};
/* End XCBuildConfiguration section */

/* Begin XCConfigurationList section */
		OBJ_102 /* Build configuration list for PBXNativeTarget "DataKit" */ = {
			isa = XCConfigurationList;
			buildConfigurations = (
				OBJ_103 /* Debug */,
				OBJ_104 /* Release */,
			);
			defaultConfigurationIsVisible = 0;
			defaultConfigurationName = Release;
		};
		OBJ_116 /* Build configuration list for PBXNativeTarget "DataKitPackageDescription" */ = {
			isa = XCConfigurationList;
			buildConfigurations = (
				OBJ_117 /* Debug */,
				OBJ_118 /* Release */,
			);
			defaultConfigurationIsVisible = 0;
			defaultConfigurationName = Release;
		};
		OBJ_122 /* Build configuration list for PBXAggregateTarget "DataKitPackageTests" */ = {
			isa = XCConfigurationList;
			buildConfigurations = (
				OBJ_123 /* Debug */,
				OBJ_124 /* Release */,
			);
			defaultConfigurationIsVisible = 0;
			defaultConfigurationName = Release;
		};
		OBJ_129 /* Build configuration list for PBXNativeTarget "DataKitTests" */ = {
			isa = XCConfigurationList;
			buildConfigurations = (
				OBJ_130 /* Debug */,
				OBJ_131 /* Release */,
			);
			defaultConfigurationIsVisible = 0;
			defaultConfigurationName = Release;
		};
		OBJ_146 /* Build configuration list for PBXNativeTarget "Nimble" */ = {
			isa = XCConfigurationList;
			buildConfigurations = (
				OBJ_147 /* Debug */,
				OBJ_148 /* Release */,
			);
			defaultConfigurationIsVisible = 0;
			defaultConfigurationName = Release;
		};
		OBJ_2 /* Build configuration list for PBXProject "DataKit" */ = {
			isa = XCConfigurationList;
			buildConfigurations = (
				OBJ_3 /* Debug */,
				OBJ_4 /* Release */,
			);
			defaultConfigurationIsVisible = 0;
			defaultConfigurationName = Release;
		};
		OBJ_204 /* Build configuration list for PBXNativeTarget "NimblePackageDescription" */ = {
			isa = XCConfigurationList;
			buildConfigurations = (
				OBJ_205 /* Debug */,
				OBJ_206 /* Release */,
			);
			defaultConfigurationIsVisible = 0;
			defaultConfigurationName = Release;
		};
		OBJ_209 /* Build configuration list for PBXNativeTarget "base64c" */ = {
			isa = XCConfigurationList;
			buildConfigurations = (
				OBJ_210 /* Debug */,
				OBJ_211 /* Release */,
			);
			defaultConfigurationIsVisible = 0;
			defaultConfigurationName = Release;
		};
		OBJ_215 /* Build configuration list for PBXNativeTarget "base64cTests" */ = {
			isa = XCConfigurationList;
			buildConfigurations = (
				OBJ_216 /* Debug */,
				OBJ_217 /* Release */,
			);
			defaultConfigurationIsVisible = 0;
			defaultConfigurationName = Release;
		};
/* End XCConfigurationList section */
	};
	rootObject = OBJ_1 /* Project object */;
}
